# Auto-generated lockfile — pin ALL transitive dependencies for reproducible builds
# V21 FIX: Prevents supply-chain attacks from unpinned transitive deps
# Regenerate with: .venv\Scripts\pip.exe freeze > requirements.lock
annotated-types==0.7.0
anyio==4.13.0
certifi==2026.5.20
cffi==2.0.0
charset-normalizer==3.4.7
click==8.4.1
colorama==0.4.6
cryptography==41.0.7
Deprecated==1.3.1
fastapi==0.110.0
filelock==3.29.0
fire==0.7.1
flwr==1.7.0
fsspec==2026.4.0
grpcio==1.81.0
h11==0.16.0
httpcore==1.0.9
httpx==0.27.0
idna==3.17
ImageIO==2.37.3
iniconfig==2.3.0
iterators==0.0.2
Jinja2==3.1.6
joblib==1.5.3
lazy-loader==0.5
limits==5.8.0
MarkupSafe==3.0.3
medmnist==3.0.1
mpmath==1.3.0
networkx==3.6.1
numpy==1.26.4
packaging==26.2
pandas==2.2.0
pillow==12.2.0
pluggy==1.6.0
protobuf==4.25.9
psutil==7.2.2
pycparser==3.0
pycryptodome==3.23.0
pydantic==2.6.0
pydantic-settings==2.2.1
pydantic_core==2.16.1
pytest==8.1.0
pytest-asyncio==0.23.5
python-dateutil==2.9.0.post0
python-dotenv==1.0.1
pytz==2026.2
requests==2.34.2
scikit-image==0.26.0
scikit-learn==1.4.0
scipy==1.17.1
six==1.17.0
slowapi==0.1.9
sniffio==1.3.1
starlette==0.36.3
sympy==1.14.0
termcolor==3.3.0
threadpoolctl==3.6.0
tifffile==2026.3.3
torch==2.2.0
torchvision==0.17.0
tqdm==4.67.3
typing_extensions==4.15.0
tzdata==2026.2
urllib3==2.7.0
uvicorn==0.29.0
wrapt==2.2.1
